// !$*UTF8*$!
{
	archiveVersion = 1;
	classes = {
	};
	objectVersion = 46;
	objects = {

/* Begin PBXBuildFile section */
		241BFAD41BD3418A001E033E /* AppDelegate.swift in Sources */ = {isa = PBXBuildFile; fileRef = 241BFAD31BD3418A001E033E /* AppDelegate.swift */; };
		241BFAD61BD3418A001E033E /* ViewController.swift in Sources */ = {isa = PBXBuildFile; fileRef = 241BFAD51BD3418A001E033E /* ViewController.swift */; };
		241BFAD91BD3418A001E033E /* Main.storyboard in Resources */ = {isa = PBXBuildFile; fileRef = 241BFAD71BD3418A001E033E /* Main.storyboard */; };
		241BFADB1BD3418A001E033E /* Assets.xcassets in Resources */ = {isa = PBXBuildFile; fileRef = 241BFADA1BD3418A001E033E /* Assets.xcassets */; };
		241BFADE1BD3418A001E033E /* LaunchScreen.storyboard in Resources */ = {isa = PBXBuildFile; fileRef = 241BFADC1BD3418A001E033E /* LaunchScreen.storyboard */; };
		2489199E1BD4AB270061CA0B /* Emoticons.bundle in Resources */ = {isa = PBXBuildFile; fileRef = 2489199D1BD4AB270061CA0B /* Emoticons.bundle */; settings = {ASSET_TAGS = (); }; };
		248919A01BD4AB7A0061CA0B /* TSZEmoticons.swift in Sources */ = {isa = PBXBuildFile; fileRef = 2489199F1BD4AB7A0061CA0B /* TSZEmoticons.swift */; settings = {ASSET_TAGS = (); }; };
		24DD20CE1BD5DE100033DC30 /* TSZEmoticonsAttachment.swift in Sources */ = {isa = PBXBuildFile; fileRef = 24DD20CD1BD5DE100033DC30 /* TSZEmoticonsAttachment.swift */; settings = {ASSET_TAGS = (); }; };
		24FD63C51BD36F1E00ADFA7E /* EmoticonViewController.swift in Sources */ = {isa = PBXBuildFile; fileRef = 24FD63C41BD36F1E00ADFA7E /* EmoticonViewController.swift */; settings = {ASSET_TAGS = (); }; };
/* End PBXBuildFile section */

/* Begin PBXFileReference section */
		241BFAD01BD3418A001E033E /* EmotionsTest.app */ = {isa = PBXFileReference; explicitFileType = wrapper.application; includeInIndex = 0; path = EmotionsTest.app; sourceTree = BUILT_PRODUCTS_DIR; };
		241BFAD31BD3418A001E033E /* AppDelegate.swift */ = {isa = PBXFileReference; lastKnownFileType = sourcecode.swift; path = AppDelegate.swift; sourceTree = "<group>"; };
		241BFAD51BD3418A001E033E /* ViewController.swift */ = {isa = PBXFileReference; lastKnownFileType = sourcecode.swift; path = ViewController.swift; sourceTree = "<group>"; };
		241BFAD81BD3418A001E033E /* Base */ = {isa = PBXFileReference; lastKnownFileType = file.storyboard; name = Base; path = Base.lproj/Main.storyboard; sourceTree = "<group>"; };
		241BFADA1BD3418A001E033E /* Assets.xcassets */ = {isa = PBXFileReference; lastKnownFileType = folder.assetcatalog; path = Assets.xcassets; sourceTree = "<group>"; };
		241BFADD1BD3418A001E033E /* Base */ = {isa = PBXFileReference; lastKnownFileType = file.storyboard; name = Base; path = Base.lproj/LaunchScreen.storyboard; sourceTree = "<group>"; };
		241BFADF1BD3418A001E033E /* Info.plist */ = {isa = PBXFileReference; lastKnownFileType = text.plist.xml; path = Info.plist; sourceTree = "<group>"; };
		2489199D1BD4AB270061CA0B /* Emoticons.bundle */ = {isa = PBXFileReference; lastKnownFileType = "wrapper.plug-in"; path = Emoticons.bundle; sourceTree = "<group>"; };
		2489199F1BD4AB7A0061CA0B /* TSZEmoticons.swift */ = {isa = PBXFileReference; fileEncoding = 4; lastKnownFileType = sourcecode.swift; name = TSZEmoticons.swift; path = EmoticonKeyBoard/TSZEmoticons.swift; sourceTree = "<group>"; };
		24DD20CD1BD5DE100033DC30 /* TSZEmoticonsAttachment.swift */ = {isa = PBXFileReference; fileEncoding = 4; lastKnownFileType = sourcecode.swift; path = TSZEmoticonsAttachment.swift; sourceTree = "<group>"; };
		24FD63C41BD36F1E00ADFA7E /* EmoticonViewController.swift */ = {isa = PBXFileReference; fileEncoding = 4; lastKnownFileType = sourcecode.swift; path = EmoticonViewController.swift; sourceTree = "<group>"; };
/* End PBXFileReference section */

/* Begin PBXFrameworksBuildPhase section */
		241BFACD1BD3418A001E033E /* Frameworks */ = {
			isa = PBXFrameworksBuildPhase;
			buildActionMask = 2147483647;
			files = (
			);
			runOnlyForDeploymentPostprocessing = 0;
		};
/* End PBXFrameworksBuildPhase section */

/* Begin PBXGroup section */
		241BFAC71BD3418A001E033E = {
			isa = PBXGroup;
			children = (
				241BFAD21BD3418A001E033E /* EmotionsTest */,
				241BFAD11BD3418A001E033E /* Products */,
			);
			sourceTree = "<group>";
		};
		241BFAD11BD3418A001E033E /* Products */ = {
			isa = PBXGroup;
			children = (
				241BFAD01BD3418A001E033E /* EmotionsTest.app */,
			);
			name = Products;
			sourceTree = "<group>";
		};
		241BFAD21BD3418A001E033E /* EmotionsTest */ = {
			isa = PBXGroup;
			children = (
				24FD63C11BD36DA500ADFA7E /* EmoticonKeyBoard */,
				241BFAD31BD3418A001E033E /* AppDelegate.swift */,
				2489199F1BD4AB7A0061CA0B /* TSZEmoticons.swift */,
				241BFAD71BD3418A001E033E /* Main.storyboard */,
				241BFAD51BD3418A001E033E /* ViewController.swift */,
				241BFADA1BD3418A001E033E /* Assets.xcassets */,
				241BFADC1BD3418A001E033E /* LaunchScreen.storyboard */,
				241BFADF1BD3418A001E033E /* Info.plist */,
			);
			path = EmotionsTest;
			sourceTree = "<group>";
		};
		24FD63C11BD36DA500ADFA7E /* EmoticonKeyBoard */ = {
			isa = PBXGroup;
			children = (
				2489199D1BD4AB270061CA0B /* Emoticons.bundle */,
				24FD63C41BD36F1E00ADFA7E /* EmoticonViewController.swift */,
				24DD20CD1BD5DE100033DC30 /* TSZEmoticonsAttachment.swift */,
			);
			path = EmoticonKeyBoard;
			sourceTree = "<group>";
		};
/* End PBXGroup section */

/* Begin PBXNativeTarget section */
		241BFACF1BD3418A001E033E /* EmotionsTest */ = {
			isa = PBXNativeTarget;
			buildConfigurationList = 241BFAE21BD3418A001E033E /* Build configuration list for PBXNativeTarget "EmotionsTest" */;
			buildPhases = (
				241BFACC1BD3418A001E033E /* Sources */,
				241BFACD1BD3418A001E033E /* Frameworks */,
				241BFACE1BD3418A001E033E /* Resources */,
			);
			buildRules = (
			);
			dependencies = (
			);
			name = EmotionsTest;
			productName = EmotionsTest;
			productReference = 241BFAD01BD3418A001E033E /* EmotionsTest.app */;
			productType = "com.apple.product-type.application";
		};
/* End PBXNativeTarget section */

/* Begin PBXProject section */
		241BFAC81BD3418A001E033E /* Project object */ = {
			isa = PBXProject;
			attributes = {
				LastUpgradeCheck = 0700;
				ORGANIZATIONNAME = Tsz;
				TargetAttributes = {
					241BFACF1BD3418A001E033E = {
						CreatedOnToolsVersion = 7.0;
					};
				};
			};
			buildConfigurationList = 241BFACB1BD3418A001E033E /* Build configuration list for PBXProject "EmotionsTest" */;
			compatibilityVersion = "Xcode 3.2";
			developmentRegion = English;
			hasScannedForEncodings = 0;
			knownRegions = (
				en,
				Base,
			);
			mainGroup = 241BFAC71BD3418A001E033E;
			productRefGroup = 241BFAD11BD3418A001E033E /* Products */;
			projectDirPath = "";
			projectRoot = "";
			targets = (
				241BFACF1BD3418A001E033E /* EmotionsTest */,
			);
		};
/* End PBXProject section */

/* Begin PBXResourcesBuildPhase section */
		241BFACE1BD3418A001E033E /* Resources */ = {
			isa = PBXResourcesBuildPhase;
			buildActionMask = 2147483647;
			files = (
				241BFADE1BD3418A001E033E /* LaunchScreen.storyboard in Resources */,
				2489199E1BD4AB270061CA0B /* Emoticons.bundle in Resources */,
				241BFADB1BD3418A001E033E /* Assets.xcassets in Resources */,
				241BFAD91BD3418A001E033E /* Main.storyboard in Resources */,
			);
			runOnlyForDeploymentPostprocessing = 0;
		};
/* End PBXResourcesBuildPhase section */

/* Begin PBXSourcesBuildPhase section */
		241BFACC1BD3418A001E033E /* Sources */ = {
			isa = PBXSourcesBuildPhase;
			buildActionMask = 2147483647;
			files = (
				241BFAD61BD3418A001E033E /* ViewController.swift in Sources */,
				24DD20CE1BD5DE100033DC30 /* TSZEmoticonsAttachment.swift in Sources */,
				24FD63C51BD36F1E00ADFA7E /* EmoticonViewController.swift in Sources */,
				241BFAD41BD3418A001E033E /* AppDelegate.swift in Sources */,
				248919A01BD4AB7A0061CA0B /* TSZEmoticons.swift in Sources */,
			);
			runOnlyForDeploymentPostprocessing = 0;
		};
/* End PBXSourcesBuildPhase section */

/* Begin PBXVariantGroup section */
		241BFAD71BD3418A001E033E /* Main.storyboard */ = {
			isa = PBXVariantGroup;
			children = (
				241BFAD81BD3418A001E033E /* Base */,
			);
			name = Main.storyboard;
			sourceTree = "<group>";
		};
		241BFADC1BD3418A001E033E /* LaunchScreen.storyboard */ = {
			isa = PBXVariantGroup;
			children = (
				241BFADD1BD3418A001E033E /* Base */,
			);
			name = LaunchScreen.storyboard;
			sourceTree = "<group>";
		};
/* End PBXVariantGroup section */

/* Begin XCBuildConfiguration section */
		241BFAE01BD3418A001E033E /* Debug */ = {
			isa = XCBuildConfiguration;
			buildSettings = {
				ALWAYS_SEARCH_USER_PATHS = NO;
				CLANG_CXX_LANGUAGE_STANDARD = "gnu++0x";
				CLANG_CXX_LIBRARY = "libc++";
				CLANG_ENABLE_MODULES = YES;
				CLANG_ENABLE_OBJC_ARC = YES;
				CLANG_WARN_BOOL_CONVERSION = YES;
				CLANG_WARN_CONSTANT_CONVERSION = YES;
				CLANG_WARN_DIRECT_OBJC_ISA_USAGE = YES_ERROR;
				CLANG_WARN_EMPTY_BODY = YES;
				CLANG_WARN_ENUM_CONVERSION = YES;
				CLANG_WARN_INT_CONVERSION = YES;
				CLANG_WARN_OBJC_ROOT_CLASS = YES_ERROR;
				CLANG_WARN_UNREACHABLE_CODE = YES;
				CLANG_WARN__DUPLICATE_METHOD_MATCH = YES;
				"CODE_SIGN_IDENTITY[sdk=iphoneos*]" = "iPhone Developer";
				COPY_PHASE_STRIP = NO;
				DEBUG_INFORMATION_FORMAT = dwarf;
				ENABLE_STRICT_OBJC_MSGSEND = YES;
				ENABLE_TESTABILITY = YES;
				GCC_C_LANGUAGE_STANDARD = gnu99;
				GCC_DYNAMIC_NO_PIC = NO;
				GCC_NO_COMMON_BLOCKS = YES;
				GCC_OPTIMIZATION_LEVEL = 0;
				GCC_PREPROCESSOR_DEFINITIONS = (
					"DEBUG=1",
					"$(inherited)",
				);
				GCC_WARN_64_TO_32_BIT_CONVERSION = YES;
				GCC_WARN_ABOUT_RETURN_TYPE = YES_ERROR;
				GCC_WARN_UNDECLARED_SELECTOR = YES;
				GCC_WARN_UNINITIALIZED_AUTOS = YES_AGGRESSIVE;
				GCC_WARN_UNUSED_FUNCTION = YES;
				GCC_WARN_UNUSED_VARIABLE = YES;
				IPHONEOS_DEPLOYMENT_TARGET = 9.0;
				MTL_ENABLE_DEBUG_INFO = YES;
				ONLY_ACTIVE_ARCH = YES;
				SDKROOT = iphoneos;
				SWIFT_OPTIMIZATION_LEVEL = "-Onone";
			};
			name = Debug;
		};
		241BFAE11BD3418A001E033E /* Release */ = {
			isa = XCBuildConfiguration;
			buildSettings = {
				ALWAYS_SEARCH_USER_PATHS = NO;
				CLANG_CXX_LANGUAGE_STANDARD = "gnu++0x";
				CLANG_CXX_LIBRARY = "libc++";
				CLANG_ENABLE_MODULES = YES;
				CLANG_ENABLE_OBJC_ARC = YES;
				CLANG_WARN_BOOL_CONVERSION = YES;
				CLANG_WARN_CONSTANT_CONVERSION = YES;
				CLANG_WARN_DIRECT_OBJC_ISA_USAGE = YES_ERROR;
				CLANG_WARN_EMPTY_BODY = YES;
				CLANG_WARN_ENUM_CONVERSION = YES;
				CLANG_WARN_INT_CONVERSION = YES;
				CLANG_WARN_OBJC_ROOT_CLASS = YES_ERROR;
				CLANG_WARN_UNREACHABLE_CODE = YES;
				CLANG_WARN__DUPLICATE_METHOD_MATCH = YES;
				"CODE_SIGN_IDENTITY[sdk=iphoneos*]" = "iPhone Developer";
				COPY_PHASE_STRIP = NO;
				DEBUG_INFORMATION_FORMAT = "dwarf-with-dsym";
				ENABLE_NS_ASSERTIONS = NO;
				ENABLE_STRICT_OBJC_MSGSEND = YES;
				GCC_C_LANGUAGE_STANDARD = gnu99;
				GCC_NO_COMMON_BLOCKS = YES;
				GCC_WARN_64_TO_32_BIT_CONVERSION = YES;
				GCC_WARN_ABOUT_RETURN_TYPE = YES_ERROR;
				GCC_WARN_UNDECLARED_SELECTOR = YES;
				GCC_WARN_UNINITIALIZED_AUTOS = YES_AGGRESSIVE;
				GCC_WARN_UNUSED_FUNCTION = YES;
				GCC_WARN_UNUSED_VARIABLE = YES;
				IPHONEOS_DEPLOYMENT_TARGET = 9.0;
				MTL_ENABLE_DEBUG_INFO = NO;
				SDKROOT = iphoneos;
				VALIDATE_PRODUCT = YES;
			};
			name = Release;
		};
		241BFAE31BD3418A001E033E /* Debug */ = {
			isa = XCBuildConfiguration;
			buildSettings = {
				ASSETCATALOG_COMPILER_APPICON_NAME = AppIcon;
				INFOPLIST_FILE = EmotionsTest/Info.plist;
				LD_RUNPATH_SEARCH_PATHS = "$(inherited) @executable_path/Frameworks";
				PRODUCT_BUNDLE_IDENTIFIER = tsz.EmotionsTest;
				PRODUCT_NAME = "$(TARGET_NAME)";
			};
			name = Debug;
		};
		241BFAE41BD3418A001E033E /* Release */ = {
			isa = XCBuildConfiguration;
			buildSettings = {
				ASSETCATALOG_COMPILER_APPICON_NAME = AppIcon;
				INFOPLIST_FILE = EmotionsTest/Info.plist;
				LD_RUNPATH_SEARCH_PATHS = "$(inherited) @executable_path/Frameworks";
				PRODUCT_BUNDLE_IDENTIFIER = tsz.EmotionsTest;
				PRODUCT_NAME = "$(TARGET_NAME)";
			};
			name = Release;
		};
/* End XCBuildConfiguration section */

/* Begin XCConfigurationList section */
		241BFACB1BD3418A001E033E /* Build configuration list for PBXProject "EmotionsTest" */ = {
			isa = XCConfigurationList;
			buildConfigurations = (
				241BFAE01BD3418A001E033E /* Debug */,
				241BFAE11BD3418A001E033E /* Release */,
			);
			defaultConfigurationIsVisible = 0;
			defaultConfigurationName = Release;
		};
		241BFAE21BD3418A001E033E /* Build configuration list for PBXNativeTarget "EmotionsTest" */ = {
			isa = XCConfigurationList;
			buildConfigurations = (
				241BFAE31BD3418A001E033E /* Debug */,
				241BFAE41BD3418A001E033E /* Release */,
			);
			defaultConfigurationIsVisible = 0;
			defaultConfigurationName = Release;
		};
/* End XCConfigurationList section */
	};
	rootObject = 241BFAC81BD3418A001E033E /* Project object */;
}
